
Microsoft Visual Studio Solution File, Format Version 12.00
# Visual Studio Version 16
VisualStudioVersion = 16.0.30621.155
MinimumVisualStudioVersion = 10.0.40219.1
Project("{FAE04EC0-301F-11D3-BF4B-00C04F79EFBC}") = "ConfigTool", "ConfigTool\ConfigTool.csproj", "{92BB16F1-F76E-46C8-B415-BCCB53D0439E}"
EndProject
Project("{FAE04EC0-301F-11D3-BF4B-00C04F79EFBC}") = "WorkstationSimulator", "WorkstationSimulator\WorkstationSimulator.csproj", "{93FA9B05-F996-40C1-B1F6-159B8482E693}"
EndProject
Project("{FAE04EC0-301F-11D3-BF4B-00C04F79EFBC}") = "KanbanCore", "KanbanCore\KanbanCore.csproj", "{74AF840E-6704-40A8-9983-6E3A2BB3ED48}"
EndProject
Project("{FAE04EC0-301F-11D3-BF4B-00C04F79EFBC}") = "KanbanDal", "KanbanDal\KanbanDal.csproj", "{2D4491F7-407B-4612-A5C3-8BAE222D0A0E}"
EndProject
Project("{FAE04EC0-301F-11D3-BF4B-00C04F79EFBC}") = "KanbanBoard", "KanbanBoard\KanbanBoard.csproj", "{A309D667-C01E-46E5-9EFF-B09ACBEACBE7}"
EndProject
Project("{FAE04EC0-301F-11D3-BF4B-00C04F79EFBC}") = "AndonDisplay", "WorkstationSimulator - Copy\AndonDisplay.csproj", "{2DA01B15-06E4-44E6-B726-92DF869C3F5E}"
EndProject
Global
	GlobalSection(SolutionConfigurationPlatforms) = preSolution
		Debug|Any CPU = Debug|Any CPU
		Release|Any CPU = Release|Any CPU
	EndGlobalSection
	GlobalSection(ProjectConfigurationPlatforms) = postSolution
		{92BB16F1-F76E-46C8-B415-BCCB53D0439E}.Debug|Any CPU.ActiveCfg = Debug|Any CPU
		{92BB16F1-F76E-46C8-B415-BCCB53D0439E}.Debug|Any CPU.Build.0 = Debug|Any CPU
		{92BB16F1-F76E-46C8-B415-BCCB53D0439E}.Release|Any CPU.ActiveCfg = Release|Any CPU
		{92BB16F1-F76E-46C8-B415-BCCB53D0439E}.Release|Any CPU.Build.0 = Release|Any CPU
		{93FA9B05-F996-40C1-B1F6-159B8482E693}.Debug|Any CPU.ActiveCfg = Debug|Any CPU
		{93FA9B05-F996-40C1-B1F6-159B8482E693}.Debug|Any CPU.Build.0 = Debug|Any CPU
		{93FA9B05-F996-40C1-B1F6-159B8482E693}.Release|Any CPU.ActiveCfg = Release|Any CPU
		{93FA9B05-F996-40C1-B1F6-159B8482E693}.Release|Any CPU.Build.0 = Release|Any CPU
		{74AF840E-6704-40A8-9983-6E3A2BB3ED48}.Debug|Any CPU.ActiveCfg = Debug|Any CPU
		{74AF840E-6704-40A8-9983-6E3A2BB3ED48}.Debug|Any CPU.Build.0 = Debug|Any CPU
		{74AF840E-6704-40A8-9983-6E3A2BB3ED48}.Release|Any CPU.ActiveCfg = Release|Any CPU
		{74AF840E-6704-40A8-9983-6E3A2BB3ED48}.Release|Any CPU.Build.0 = Release|Any CPU
		{2D4491F7-407B-4612-A5C3-8BAE222D0A0E}.Debug|Any CPU.ActiveCfg = Debug|Any CPU
		{2D4491F7-407B-4612-A5C3-8BAE222D0A0E}.Debug|Any CPU.Build.0 = Debug|Any CPU
		{2D4491F7-407B-4612-A5C3-8BAE222D0A0E}.Release|Any CPU.ActiveCfg = Release|Any CPU
		{2D4491F7-407B-4612-A5C3-8BAE222D0A0E}.Release|Any CPU.Build.0 = Release|Any CPU
		{A309D667-C01E-46E5-9EFF-B09ACBEACBE7}.Debug|Any CPU.ActiveCfg = Debug|Any CPU
		{A309D667-C01E-46E5-9EFF-B09ACBEACBE7}.Debug|Any CPU.Build.0 = Debug|Any CPU
		{A309D667-C01E-46E5-9EFF-B09ACBEACBE7}.Release|Any CPU.ActiveCfg = Release|Any CPU
		{A309D667-C01E-46E5-9EFF-B09ACBEACBE7}.Release|Any CPU.Build.0 = Release|Any CPU
		{2DA01B15-06E4-44E6-B726-92DF869C3F5E}.Debug|Any CPU.ActiveCfg = Debug|Any CPU
		{2DA01B15-06E4-44E6-B726-92DF869C3F5E}.Debug|Any CPU.Build.0 = Debug|Any CPU
		{2DA01B15-06E4-44E6-B726-92DF869C3F5E}.Release|Any CPU.ActiveCfg = Release|Any CPU
		{2DA01B15-06E4-44E6-B726-92DF869C3F5E}.Release|Any CPU.Build.0 = Release|Any CPU
	EndGlobalSection
	GlobalSection(SolutionProperties) = preSolution
		HideSolutionNode = FALSE
	EndGlobalSection
	GlobalSection(ExtensibilityGlobals) = postSolution
		SolutionGuid = {DE777F42-65BC-4912-8901-854C572AB280}
	EndGlobalSection
EndGlobal
